
Microsoft Visual Studio Solution File, Format Version 12.00
# Visual Studio Version 17
VisualStudioVersion = 17.11.35312.102
MinimumVisualStudioVersion = 10.0.40219.1
Project("{FAE04EC0-301F-11D3-BF4B-00C04F79EFBC}") = "Cinema_TRIZBD", "Cinema_TRIZBD\Cinema_TRIZBD.csproj", "{1B318F10-A690-441F-B84F-267478A36813}"
EndProject
Global
	GlobalSection(SolutionConfigurationPlatforms) = preSolution
		Debug|Any CPU = Debug|Any CPU
		Release|Any CPU = Release|Any CPU
	EndGlobalSection
	GlobalSection(ProjectConfigurationPlatforms) = postSolution
		{1B318F10-A690-441F-B84F-267478A36813}.Debug|Any CPU.ActiveCfg = Debug|Any CPU
		{1B318F10-A690-441F-B84F-267478A36813}.Debug|Any CPU.Build.0 = Debug|Any CPU
		{1B318F10-A690-441F-B84F-267478A36813}.Release|Any CPU.ActiveCfg = Release|Any CPU
		{1B318F10-A690-441F-B84F-267478A36813}.Release|Any CPU.Build.0 = Release|Any CPU
	EndGlobalSection
	GlobalSection(SolutionProperties) = preSolution
		HideSolutionNode = FALSE
	EndGlobalSection
	GlobalSection(ExtensibilityGlobals) = postSolution
		SolutionGuid = {E45F5372-C839-41DB-B4F2-3128B962977E}
	EndGlobalSection
EndGlobal
